# THIS IS AN AUTOGENERATED FILE. DO NOT EDIT THIS FILE DIRECTLY.
# yarn lockfile v1


"@babel/helper-builder-react-jsx@^7.0.0":
  version "7.0.0"
  resolved "http://registry.npm.taobao.org/@babel/helper-builder-react-jsx/download/@babel/helper-builder-react-jsx-7.0.0.tgz#fa154cb53eb918cf2a9a7ce928e29eb649c5acdb"
  dependencies:
    "@babel/types" "^7.0.0"
    esutils "^2.0.0"

"@babel/helper-plugin-utils@^7.0.0":
  version "7.0.0"
  resolved "http://registry.npm.taobao.org/@babel/helper-plugin-utils/download/@babel/helper-plugin-utils-7.0.0.tgz#bbb3fbee98661c569034237cc03967ba99b4f250"

"@babel/plugin-syntax-jsx@^7.0.0":
  version "7.0.0"
  resolved "http://registry.npm.taobao.org/@babel/plugin-syntax-jsx/download/@babel/plugin-syntax-jsx-7.0.0.tgz#034d5e2b4e14ccaea2e4c137af7e4afb39375ffd"
  dependencies:
    "@babel/helper-plugin-utils" "^7.0.0"

"@babel/plugin-transform-react-display-name@^7.0.0":
  version "7.0.0"
  resolved "http://registry.npm.taobao.org/@babel/plugin-transform-react-display-name/download/@babel/plugin-transform-react-display-name-7.0.0.tgz#93759e6c023782e52c2da3b75eca60d4f10533ee"
  dependencies:
    "@babel/helper-plugin-utils" "^7.0.0"

"@babel/plugin-transform-react-jsx-self@^7.0.0":
  version "7.0.0"
  resolved "http://registry.npm.taobao.org/@babel/plugin-transform-react-jsx-self/download/@babel/plugin-transform-react-jsx-self-7.0.0.tgz#a84bb70fea302d915ea81d9809e628266bb0bc11"
  dependencies:
    "@babel/helper-plugin-utils" "^7.0.0"
    "@babel/plugin-syntax-jsx" "^7.0.0"

"@babel/plugin-transform-react-jsx-source@^7.0.0":
  version "7.0.0"
  resolved "http://registry.npm.taobao.org/@babel/plugin-transform-react-jsx-source/download/@babel/plugin-transform-react-jsx-source-7.0.0.tgz#28e00584f9598c0dd279f6280eee213fa0121c3c"
  dependencies:
    "@babel/helper-plugin-utils" "^7.0.0"
    "@babel/plugin-syntax-jsx" "^7.0.0"

"@babel/plugin-transform-react-jsx@^7.0.0":
  version "7.0.0"
  resolved "http://registry.npm.taobao.org/@babel/plugin-transform-react-jsx/download/@babel/plugin-transform-react-jsx-7.0.0.tgz#524379e4eca5363cd10c4446ba163f093da75f3e"
  dependencies:
    "@babel/helper-builder-react-jsx" "^7.0.0"
    "@babel/helper-plugin-utils" "^7.0.0"
    "@babel/plugin-syntax-jsx" "^7.0.0"

"@babel/preset-react@^7.0.0":
  version "7.0.0"
  resolved "http://registry.npm.taobao.org/@babel/preset-react/download/@babel/preset-react-7.0.0.tgz#e86b4b3d99433c7b3e9e91747e2653958bc6b3c0"
  dependencies:
    "@babel/helper-plugin-utils" "^7.0.0"
    "@babel/plugin-transform-react-display-name" "^7.0.0"
    "@babel/plugin-transform-react-jsx" "^7.0.0"
    "@babel/plugin-transform-react-jsx-self" "^7.0.0"
    "@babel/plugin-transform-react-jsx-source" "^7.0.0"

"@babel/types@^7.0.0":
  version "7.0.0"
  resolved "http://registry.npm.taobao.org/@babel/types/download/@babel/types-7.0.0.tgz#6e191793d3c854d19c6749989e3bc55f0e962118"
  dependencies:
    esutils "^2.0.2"
    lodash "^4.17.10"
    to-fast-properties "^2.0.0"

esutils@^2.0.0, esutils@^2.0.2:
  version "2.0.2"
  resolved "http://registry.npm.taobao.org/esutils/download/esutils-2.0.2.tgz#0abf4f1caa5bcb1f7a9d8acc6dea4faaa04bac9b"

find-up@^3.0.0:
  version "3.0.0"
  resolved "http://registry.npm.taobao.org/find-up/download/find-up-3.0.0.tgz#49169f1d7993430646da61ecc5ae355c21c97b73"
  dependencies:
    locate-path "^3.0.0"

locate-path@^3.0.0:
  version "3.0.0"
  resolved "http://registry.npm.taobao.org/locate-path/download/locate-path-3.0.0.tgz#dbec3b3ab759758071b58fe59fc41871af21400e"
  dependencies:
    p-locate "^3.0.0"
    path-exists "^3.0.0"

lodash@^4.17.10, lodash@^4.17.5:
  version "4.17.11"
  resolved "http://registry.npm.taobao.org/lodash/download/lodash-4.17.11.tgz#b39ea6229ef607ecd89e2c8df12536891cac9b8d"

p-limit@^2.0.0:
  version "2.0.0"
  resolved "http://registry.npm.taobao.org/p-limit/download/p-limit-2.0.0.tgz#e624ed54ee8c460a778b3c9f3670496ff8a57aec"
  dependencies:
    p-try "^2.0.0"

p-locate@^3.0.0:
  version "3.0.0"
  resolved "http://registry.npm.taobao.org/p-locate/download/p-locate-3.0.0.tgz#322d69a05c0264b25997d9f40cd8a891ab0064a4"
  dependencies:
    p-limit "^2.0.0"

p-try@^2.0.0:
  version "2.0.0"
  resolved "http://registry.npm.taobao.org/p-try/download/p-try-2.0.0.tgz#85080bb87c64688fa47996fe8f7dfbe8211760b1"

path-exists@^3.0.0:
  version "3.0.0"
  resolved "http://registry.npm.taobao.org/path-exists/download/path-exists-3.0.0.tgz#ce0ebeaa5f78cb18925ea7d810d7b59b010fd515"

pkg-dir@^3.0.0:
  version "3.0.0"
  resolved "http://registry.npm.taobao.org/pkg-dir/download/pkg-dir-3.0.0.tgz#2749020f239ed990881b1f71210d51eb6523bea3"
  dependencies:
    find-up "^3.0.0"

to-fast-properties@^2.0.0:
  version "2.0.0"
  resolved "http://registry.npm.taobao.org/to-fast-properties/download/to-fast-properties-2.0.0.tgz#dc5e698cbd079265bc73e0377681a4e4e83f616e"

webpack-merge@^4.1.4:
  version "4.1.4"
  resolved "http://registry.npm.taobao.org/webpack-merge/download/webpack-merge-4.1.4.tgz#0fde38eabf2d5fd85251c24a5a8c48f8a3f4eb7b"
  dependencies:
    lodash "^4.17.5"
